<?xml version="1.0" encoding="utf-8"?>
<Project ToolsVersion="4.0" xmlns="http://schemas.microsoft.com/developer/msbuild/2003">
  <ItemGroup>
    <Filter Include="Source Files">
      <UniqueIdentifier>{4FC737F1-C7A5-4376-A066-2A32D752A2FF}</UniqueIdentifier>
      <Extensions>cpp;c;cc;cxx;def;odl;idl;hpj;bat;asm;asmx</Extensions>
    </Filter>
    <Filter Include="Header Files">
      <UniqueIdentifier>{93995380-89BD-4b04-88EB-625FBE52EBFB}</UniqueIdentifier>
      <Extensions>h;hh;hpp;hxx;hm;inl;inc;ipp;xsd</Extensions>
    </Filter>
    <Filter Include="Resource Files">
      <UniqueIdentifier>{67DA6AB6-F800-4c08-8B7A-83BB121AAD01}</UniqueIdentifier>
      <Extensions>rc;ico;cur;bmp;dlg;rc2;rct;bin;rgs;gif;jpg;jpeg;jpe;resx;tiff;tif;png;wav;mfcribbon-ms</Extensions>
    </Filter>
  </ItemGroup>
  <ItemGroup>
    <ClCompile Include="cgmres_simulator.cpp">
      <Filter>Source Files</Filter>
    </ClCompile>
    <ClCompile Include="continuation_gmres.cpp">
      <Filter>Source Files</Filter>
    </ClCompile>
    <ClCompile Include="hamiltonian.cpp">
      <Filter>Source Files</Filter>
    </ClCompile>
    <ClCompile Include="init_cgmres.cpp">
      <Filter>Source Files</Filter>
    </ClCompile>
    <ClCompile Include="linear_funcs.cpp">
      <Filter>Source Files</Filter>
    </ClCompile>
    <ClCompile Include="main.cpp">
      <Filter>Source Files</Filter>
    </ClCompile>
    <ClCompile Include="matrixfree_gmres.cpp">
      <Filter>Source Files</Filter>
    </ClCompile>
    <ClCompile Include="mmg_eo.cpp">
      <Filter>Source Files</Filter>
    </ClCompile>
    <ClCompile Include="multiple_shooting_cgmres.cpp">
      <Filter>Source Files</Filter>
    </ClCompile>
    <ClCompile Include="multiple_shooting_cgmres_simulator.cpp">
      <Filter>Source Files</Filter>
    </ClCompile>
    <ClCompile Include="nmpc_model.cpp">
      <Filter>Source Files</Filter>
    </ClCompile>
    <ClCompile Include="numerical_integrator.cpp">
      <Filter>Source Files</Filter>
    </ClCompile>
    <ClCompile Include="save_simulation_data.cpp">
      <Filter>Source Files</Filter>
    </ClCompile>
    <ClCompile Include="control_input_saturation.cpp">
      <Filter>Source Files</Filter>
    </ClCompile>
    <ClCompile Include="control_input_saturation_sequence.cpp">
      <Filter>Source Files</Filter>
    </ClCompile>
    <ClCompile Include="init_cgmres_with_saturation.cpp">
      <Filter>Source Files</Filter>
    </ClCompile>
    <ClCompile Include="multiple_shooting_cgmres_with_saturation.cpp">
      <Filter>Source Files</Filter>
    </ClCompile>
    <ClCompile Include="multiple_shooting_cgmres_with_saturation_simulator.cpp">
      <Filter>Source Files</Filter>
    </ClCompile>
  </ItemGroup>
  <ItemGroup>
    <ClInclude Include="cgmres_simulator.hpp">
      <Filter>Header Files</Filter>
    </ClInclude>
    <ClInclude Include="continuation_gmres.hpp">
      <Filter>Header Files</Filter>
    </ClInclude>
    <ClInclude Include="hamiltonian.hpp">
      <Filter>Header Files</Filter>
    </ClInclude>
    <ClInclude Include="init_cgmres.hpp">
      <Filter>Header Files</Filter>
    </ClInclude>
    <ClInclude Include="linear_funcs.hpp">
      <Filter>Header Files</Filter>
    </ClInclude>
    <ClInclude Include="matrixfree_gmres.hpp">
      <Filter>Header Files</Filter>
    </ClInclude>
    <ClInclude Include="mmg_eo.hpp">
      <Filter>Header Files</Filter>
    </ClInclude>
    <ClInclude Include="multiple_shooting_cgmres.hpp">
      <Filter>Header Files</Filter>
    </ClInclude>
    <ClInclude Include="multiple_shooting_cgmres_simulator.hpp">
      <Filter>Header Files</Filter>
    </ClInclude>
    <ClInclude Include="nmpc_model.hpp">
      <Filter>Header Files</Filter>
    </ClInclude>
    <ClInclude Include="numerical_integrator.hpp">
      <Filter>Header Files</Filter>
    </ClInclude>
    <ClInclude Include="save_simulation_data.hpp">
      <Filter>Header Files</Filter>
    </ClInclude>
    <ClInclude Include="control_input_saturation.hpp">
      <Filter>Header Files</Filter>
    </ClInclude>
    <ClInclude Include="control_input_saturation_sequence.hpp">
      <Filter>Header Files</Filter>
    </ClInclude>
    <ClInclude Include="init_cgmres_with_saturation.hpp">
      <Filter>Header Files</Filter>
    </ClInclude>
    <ClInclude Include="multiple_shooting_cgmres_with_saturation.hpp">
      <Filter>Header Files</Filter>
    </ClInclude>
    <ClInclude Include="multiple_shooting_cgmres_with_saturation_simulator.hpp">
      <Filter>Header Files</Filter>
    </ClInclude>
  </ItemGroup>
</Project>